
Microsoft Visual Studio Solution File, Format Version 12.00
# Visual Studio Version 17
VisualStudioVersion = 17.4.33103.184
MinimumVisualStudioVersion = 10.0.40219.1
Project("{2150E333-8FDC-42A3-9474-1A3956D46DE8}") = "src", "src", "{0403CE7C-2312-42F1-975C-6F4BD24342AF}"
EndProject
Project("{9A19103F-16F7-4668-BE54-9A1E7A4F7556}") = "WindowThing", "src\WindowThing\WindowThing.csproj", "{FD3B5800-4D72-494F-8174-5269F927C64A}"
EndProject
Global
	GlobalSection(SolutionConfigurationPlatforms) = preSolution
		Debug|Any CPU = Debug|Any CPU
		Debug|x64 = Debug|x64
		Debug|x86 = Debug|x86
		Release|Any CPU = Release|Any CPU
		Release|x64 = Release|x64
		Release|x86 = Release|x86
	EndGlobalSection
	GlobalSection(ProjectConfigurationPlatforms) = postSolution
		{FD3B5800-4D72-494F-8174-5269F927C64A}.Debug|Any CPU.ActiveCfg = Debug|Any CPU
		{FD3B5800-4D72-494F-8174-5269F927C64A}.Debug|Any CPU.Build.0 = Debug|Any CPU
		{FD3B5800-4D72-494F-8174-5269F927C64A}.Debug|x64.ActiveCfg = Debug|Any CPU
		{FD3B5800-4D72-494F-8174-5269F927C64A}.Debug|x64.Build.0 = Debug|Any CPU
		{FD3B5800-4D72-494F-8174-5269F927C64A}.Debug|x86.ActiveCfg = Debug|Any CPU
		{FD3B5800-4D72-494F-8174-5269F927C64A}.Debug|x86.Build.0 = Debug|Any CPU
		{FD3B5800-4D72-494F-8174-5269F927C64A}.Release|Any CPU.ActiveCfg = Release|Any CPU
		{FD3B5800-4D72-494F-8174-5269F927C64A}.Release|Any CPU.Build.0 = Release|Any CPU
		{FD3B5800-4D72-494F-8174-5269F927C64A}.Release|x64.ActiveCfg = Release|Any CPU
		{FD3B5800-4D72-494F-8174-5269F927C64A}.Release|x64.Build.0 = Release|Any CPU
		{FD3B5800-4D72-494F-8174-5269F927C64A}.Release|x86.ActiveCfg = Release|Any CPU
		{FD3B5800-4D72-494F-8174-5269F927C64A}.Release|x86.Build.0 = Release|Any CPU
	EndGlobalSection
	GlobalSection(SolutionProperties) = preSolution
		HideSolutionNode = FALSE
	EndGlobalSection
	GlobalSection(NestedProjects) = preSolution
		{FD3B5800-4D72-494F-8174-5269F927C64A} = {0403CE7C-2312-42F1-975C-6F4BD24342AF}
	EndGlobalSection
	GlobalSection(ExtensibilityGlobals) = postSolution
		SolutionGuid = {DD5F111A-AE61-4EE1-B400-F56A2986E69A}
	EndGlobalSection
EndGlobal
